# This file is automatically @generated by Poetry 2.1.1 and should not be changed by hand.

[[package]]
name = "yt-dlp"
version = "2025.2.19"
description = "A feature-rich command-line audio/video downloader"
optional = false
python-versions = ">=3.9"
groups = ["main"]
files = [
    {file = "yt_dlp-2025.2.19-py3-none-any.whl", hash = "sha256:3ed218eaeece55e9d715afd41abc450dc406ee63bf79355169dfde312d38fdb8"},
    {file = "yt_dlp-2025.2.19.tar.gz", hash = "sha256:f33ca76df2e4db31880f2fe408d44f5058d9f135015b13e50610dfbe78245bea"},
]

[package.extras]
build = ["build", "hatchling", "pip", "setuptools (>=71.0.2)", "wheel"]
curl-cffi = ["curl-cffi (==0.5.10) ; os_name == \"nt\" and implementation_name == \"cpython\"", "curl-cffi (>=0.5.10,!=0.6.*,<0.7.2) ; os_name != \"nt\" and implementation_name == \"cpython\""]
default = ["brotli ; implementation_name == \"cpython\"", "brotlicffi ; implementation_name != \"cpython\"", "certifi", "mutagen", "pycryptodomex", "requests (>=2.32.2,<3)", "urllib3 (>=1.26.17,<3)", "websockets (>=13.0)"]
dev = ["autopep8 (>=2.0,<3.0)", "pre-commit", "pytest (>=8.1,<9.0)", "pytest-rerunfailures (>=14.0,<15.0)", "ruff (>=0.9.0,<0.10.0)"]
pyinstaller = ["pyinstaller (>=6.11.1)"]
secretstorage = ["cffi", "secretstorage"]
static-analysis = ["autopep8 (>=2.0,<3.0)", "ruff (>=0.9.0,<0.10.0)"]
test = ["pytest (>=8.1,<9.0)", "pytest-rerunfailures (>=14.0,<15.0)"]

[metadata]
lock-version = "2.1"
python-versions = ">=3.13"
content-hash = "25126c90e5323b7f656c69bad018bf335a07ea7e5b9c28c1b98371853898a458"
